// !$*UTF8*$!
{
	archiveVersion = 1;
	classes = {
	};
	objectVersion = 77;
	objects = {

/* Begin PBXContainerItemProxy section */
		D64256FA2D1CEDB1005236DE /* PBXContainerItemProxy */ = {
			isa = PBXContainerItemProxy;
			containerPortal = D64256DF2D1CEDB0005236DE /* Project object */;
			proxyType = 1;
			remoteGlobalIDString = D64256E62D1CEDB0005236DE;
			remoteInfo = "Nurse Calendar";
		};
		D64257042D1CEDB1005236DE /* PBXContainerItemProxy */ = {
			isa = PBXContainerItemProxy;
			containerPortal = D64256DF2D1CEDB0005236DE /* Project object */;
			proxyType = 1;
			remoteGlobalIDString = D64256E62D1CEDB0005236DE;
			remoteInfo = "Nurse Calendar";
		};
/* End PBXContainerItemProxy section */

/* Begin PBXCopyFilesBuildPhase section */
		D6AECF372D5DEE390061070F /* Embed Foundation Extensions */ = {
			isa = PBXCopyFilesBuildPhase;
			buildActionMask = 2147483647;
			dstPath = "";
			dstSubfolderSpec = 13;
			files = (
			);
			name = "Embed Foundation Extensions";
			runOnlyForDeploymentPostprocessing = 0;
		};
/* End PBXCopyFilesBuildPhase section */

/* Begin PBXFileReference section */
		D64256E72D1CEDB0005236DE /* Nurse Calendar.app */ = {isa = PBXFileReference; explicitFileType = wrapper.application; includeInIndex = 0; path = "Nurse Calendar.app"; sourceTree = BUILT_PRODUCTS_DIR; };
		D64256F92D1CEDB1005236DE /* Nurse CalendarTests.xctest */ = {isa = PBXFileReference; explicitFileType = wrapper.cfbundle; includeInIndex = 0; path = "Nurse CalendarTests.xctest"; sourceTree = BUILT_PRODUCTS_DIR; };
		D64257032D1CEDB1005236DE /* Nurse CalendarUITests.xctest */ = {isa = PBXFileReference; explicitFileType = wrapper.cfbundle; includeInIndex = 0; path = "Nurse CalendarUITests.xctest"; sourceTree = BUILT_PRODUCTS_DIR; };
		D6AECF202D5DEE380061070F /* SwiftUI.framework */ = {isa = PBXFileReference; lastKnownFileType = wrapper.framework; name = SwiftUI.framework; path = System/Library/Frameworks/SwiftUI.framework; sourceTree = SDKROOT; };
/* End PBXFileReference section */

/* Begin PBXFileSystemSynchronizedRootGroup section */
		D64256E92D1CEDB0005236DE /* Nurse Calendar */ = {
			isa = PBXFileSystemSynchronizedRootGroup;
			path = "Nurse Calendar";
			sourceTree = "<group>";
		};
		D64256FC2D1CEDB1005236DE /* Nurse CalendarTests */ = {
			isa = PBXFileSystemSynchronizedRootGroup;
			path = "Nurse CalendarTests";
			sourceTree = "<group>";
		};
		D64257062D1CEDB1005236DE /* Nurse CalendarUITests */ = {
			isa = PBXFileSystemSynchronizedRootGroup;
			path = "Nurse CalendarUITests";
			sourceTree = "<group>";
		};
		D6AECF222D5DEE380061070F /* NurseCalendarWidget */ = {
			isa = PBXFileSystemSynchronizedRootGroup;
			path = NurseCalendarWidget;
			sourceTree = "<group>";
		};
/* End PBXFileSystemSynchronizedRootGroup section */

/* Begin PBXFrameworksBuildPhase section */
		D64256E42D1CEDB0005236DE /* Frameworks */ = {
			isa = PBXFrameworksBuildPhase;
			buildActionMask = 2147483647;
			files = (
			);
			runOnlyForDeploymentPostprocessing = 0;
		};
		D64256F62D1CEDB1005236DE /* Frameworks */ = {
			isa = PBXFrameworksBuildPhase;
			buildActionMask = 2147483647;
			files = (
			);
			runOnlyForDeploymentPostprocessing = 0;
		};
		D64257002D1CEDB1005236DE /* Frameworks */ = {
			isa = PBXFrameworksBuildPhase;
			buildActionMask = 2147483647;
			files = (
			);
			runOnlyForDeploymentPostprocessing = 0;
		};
/* End PBXFrameworksBuildPhase section */

/* Begin PBXGroup section */
		D64256DE2D1CEDB0005236DE = {
			isa = PBXGroup;
			children = (
				D64256E92D1CEDB0005236DE /* Nurse Calendar */,
				D64256FC2D1CEDB1005236DE /* Nurse CalendarTests */,
				D64257062D1CEDB1005236DE /* Nurse CalendarUITests */,
				D6AECF222D5DEE380061070F /* NurseCalendarWidget */,
				D6AECF1D2D5DEE380061070F /* Frameworks */,
				D64256E82D1CEDB0005236DE /* Products */,
			);
			sourceTree = "<group>";
		};
		D64256E82D1CEDB0005236DE /* Products */ = {
			isa = PBXGroup;
			children = (
				D64256E72D1CEDB0005236DE /* Nurse Calendar.app */,
				D64256F92D1CEDB1005236DE /* Nurse CalendarTests.xctest */,
				D64257032D1CEDB1005236DE /* Nurse CalendarUITests.xctest */,
			);
			name = Products;
			sourceTree = "<group>";
		};
		D6AECF1D2D5DEE380061070F /* Frameworks */ = {
			isa = PBXGroup;
			children = (
				D6AECF202D5DEE380061070F /* SwiftUI.framework */,
			);
			name = Frameworks;
			sourceTree = "<group>";
		};
/* End PBXGroup section */

/* Begin PBXNativeTarget section */
		D64256E62D1CEDB0005236DE /* Nurse Calendar */ = {
			isa = PBXNativeTarget;
			buildConfigurationList = D642570D2D1CEDB1005236DE /* Build configuration list for PBXNativeTarget "Nurse Calendar" */;
			buildPhases = (
				D64256E32D1CEDB0005236DE /* Sources */,
				D64256E42D1CEDB0005236DE /* Frameworks */,
				D64256E52D1CEDB0005236DE /* Resources */,
				D6AECF372D5DEE390061070F /* Embed Foundation Extensions */,
			);
			buildRules = (
			);
			dependencies = (
			);
			fileSystemSynchronizedGroups = (
				D64256E92D1CEDB0005236DE /* Nurse Calendar */,
			);
			name = "Nurse Calendar";
			packageProductDependencies = (
			);
			productName = "Nurse Calendar";
			productReference = D64256E72D1CEDB0005236DE /* Nurse Calendar.app */;
			productType = "com.apple.product-type.application";
		};
		D64256F82D1CEDB1005236DE /* Nurse CalendarTests */ = {
			isa = PBXNativeTarget;
			buildConfigurationList = D64257102D1CEDB1005236DE /* Build configuration list for PBXNativeTarget "Nurse CalendarTests" */;
			buildPhases = (
				D64256F52D1CEDB1005236DE /* Sources */,
				D64256F62D1CEDB1005236DE /* Frameworks */,
				D64256F72D1CEDB1005236DE /* Resources */,
			);
			buildRules = (
			);
			dependencies = (
				D64256FB2D1CEDB1005236DE /* PBXTargetDependency */,
			);
			fileSystemSynchronizedGroups = (
				D64256FC2D1CEDB1005236DE /* Nurse CalendarTests */,
			);
			name = "Nurse CalendarTests";
			packageProductDependencies = (
			);
			productName = "Nurse CalendarTests";
			productReference = D64256F92D1CEDB1005236DE /* Nurse CalendarTests.xctest */;
			productType = "com.apple.product-type.bundle.unit-test";
		};
		D64257022D1CEDB1005236DE /* Nurse CalendarUITests */ = {
			isa = PBXNativeTarget;
			buildConfigurationList = D64257132D1CEDB1005236DE /* Build configuration list for PBXNativeTarget "Nurse CalendarUITests" */;
			buildPhases = (
				D64256FF2D1CEDB1005236DE /* Sources */,
				D64257002D1CEDB1005236DE /* Frameworks */,
				D64257012D1CEDB1005236DE /* Resources */,
			);
			buildRules = (
			);
			dependencies = (
				D64257052D1CEDB1005236DE /* PBXTargetDependency */,
			);
			fileSystemSynchronizedGroups = (
				D64257062D1CEDB1005236DE /* Nurse CalendarUITests */,
			);
			name = "Nurse CalendarUITests";
			packageProductDependencies = (
			);
			productName = "Nurse CalendarUITests";
			productReference = D64257032D1CEDB1005236DE /* Nurse CalendarUITests.xctest */;
			productType = "com.apple.product-type.bundle.ui-testing";
		};
/* End PBXNativeTarget section */

/* Begin PBXProject section */
		D64256DF2D1CEDB0005236DE /* Project object */ = {
			isa = PBXProject;
			attributes = {
				BuildIndependentTargetsInParallel = 1;
				LastSwiftUpdateCheck = 1620;
				LastUpgradeCheck = 1610;
				TargetAttributes = {
					D64256E62D1CEDB0005236DE = {
						CreatedOnToolsVersion = 16.1;
					};
					D64256F82D1CEDB1005236DE = {
						CreatedOnToolsVersion = 16.1;
						TestTargetID = D64256E62D1CEDB0005236DE;
					};
					D64257022D1CEDB1005236DE = {
						CreatedOnToolsVersion = 16.1;
						TestTargetID = D64256E62D1CEDB0005236DE;
					};
				};
			};
			buildConfigurationList = D64256E22D1CEDB0005236DE /* Build configuration list for PBXProject "Nurse Calendar" */;
			developmentRegion = en;
			hasScannedForEncodings = 0;
			knownRegions = (
				en,
				Base,
			);
			mainGroup = D64256DE2D1CEDB0005236DE;
			minimizedProjectReferenceProxies = 1;
			preferredProjectObjectVersion = 77;
			productRefGroup = D64256E82D1CEDB0005236DE /* Products */;
			projectDirPath = "";
			projectRoot = "";
			targets = (
				D64256E62D1CEDB0005236DE /* Nurse Calendar */,
				D64256F82D1CEDB1005236DE /* Nurse CalendarTests */,
				D64257022D1CEDB1005236DE /* Nurse CalendarUITests */,
			);
		};
/* End PBXProject section */

/* Begin PBXResourcesBuildPhase section */
		D64256E52D1CEDB0005236DE /* Resources */ = {
			isa = PBXResourcesBuildPhase;
			buildActionMask = 2147483647;
			files = (
			);
			runOnlyForDeploymentPostprocessing = 0;
		};
		D64256F72D1CEDB1005236DE /* Resources */ = {
			isa = PBXResourcesBuildPhase;
			buildActionMask = 2147483647;
			files = (
			);
			runOnlyForDeploymentPostprocessing = 0;
		};
		D64257012D1CEDB1005236DE /* Resources */ = {
			isa = PBXResourcesBuildPhase;
			buildActionMask = 2147483647;
			files = (
			);
			runOnlyForDeploymentPostprocessing = 0;
		};
/* End PBXResourcesBuildPhase section */

/* Begin PBXSourcesBuildPhase section */
		D64256E32D1CEDB0005236DE /* Sources */ = {
			isa = PBXSourcesBuildPhase;
			buildActionMask = 2147483647;
			files = (
			);
			runOnlyForDeploymentPostprocessing = 0;
		};
		D64256F52D1CEDB1005236DE /* Sources */ = {
			isa = PBXSourcesBuildPhase;
			buildActionMask = 2147483647;
			files = (
			);
			runOnlyForDeploymentPostprocessing = 0;
		};
		D64256FF2D1CEDB1005236DE /* Sources */ = {
			isa = PBXSourcesBuildPhase;
			buildActionMask = 2147483647;
			files = (
			);
			runOnlyForDeploymentPostprocessing = 0;
		};
/* End PBXSourcesBuildPhase section */

/* Begin PBXTargetDependency section */
		D64256FB2D1CEDB1005236DE /* PBXTargetDependency */ = {
			isa = PBXTargetDependency;
			target = D64256E62D1CEDB0005236DE /* Nurse Calendar */;
			targetProxy = D64256FA2D1CEDB1005236DE /* PBXContainerItemProxy */;
		};
		D64257052D1CEDB1005236DE /* PBXTargetDependency */ = {
			isa = PBXTargetDependency;
			target = D64256E62D1CEDB0005236DE /* Nurse Calendar */;
			targetProxy = D64257042D1CEDB1005236DE /* PBXContainerItemProxy */;
		};
/* End PBXTargetDependency section */

/* Begin XCBuildConfiguration section */
		D642570B2D1CEDB1005236DE /* Debug */ = {
			isa = XCBuildConfiguration;
			buildSettings = {
				ALWAYS_SEARCH_USER_PATHS = NO;
				ASSETCATALOG_COMPILER_GENERATE_SWIFT_ASSET_SYMBOL_EXTENSIONS = YES;
				CLANG_ANALYZER_NONNULL = YES;
				CLANG_ANALYZER_NUMBER_OBJECT_CONVERSION = YES_AGGRESSIVE;
				CLANG_CXX_LANGUAGE_STANDARD = "gnu++20";
				CLANG_ENABLE_MODULES = YES;
				CLANG_ENABLE_OBJC_ARC = YES;
				CLANG_ENABLE_OBJC_WEAK = YES;
				CLANG_WARN_BLOCK_CAPTURE_AUTORELEASING = YES;
				CLANG_WARN_BOOL_CONVERSION = YES;
				CLANG_WARN_COMMA = YES;
				CLANG_WARN_CONSTANT_CONVERSION = YES;
				CLANG_WARN_DEPRECATED_OBJC_IMPLEMENTATIONS = YES;
				CLANG_WARN_DIRECT_OBJC_ISA_USAGE = YES_ERROR;
				CLANG_WARN_DOCUMENTATION_COMMENTS = YES;
				CLANG_WARN_EMPTY_BODY = YES;
				CLANG_WARN_ENUM_CONVERSION = YES;
				CLANG_WARN_INFINITE_RECURSION = YES;
				CLANG_WARN_INT_CONVERSION = YES;
				CLANG_WARN_NON_LITERAL_NULL_CONVERSION = YES;
				CLANG_WARN_OBJC_IMPLICIT_RETAIN_SELF = YES;
				CLANG_WARN_OBJC_LITERAL_CONVERSION = YES;
				CLANG_WARN_OBJC_ROOT_CLASS = YES_ERROR;
				CLANG_WARN_QUOTED_INCLUDE_IN_FRAMEWORK_HEADER = YES;
				CLANG_WARN_RANGE_LOOP_ANALYSIS = YES;
				CLANG_WARN_STRICT_PROTOTYPES = YES;
				CLANG_WARN_SUSPICIOUS_MOVE = YES;
				CLANG_WARN_UNGUARDED_AVAILABILITY = YES_AGGRESSIVE;
				CLANG_WARN_UNREACHABLE_CODE = YES;
				CLANG_WARN__DUPLICATE_METHOD_MATCH = YES;
				COPY_PHASE_STRIP = NO;
				DEBUG_INFORMATION_FORMAT = dwarf;
				ENABLE_STRICT_OBJC_MSGSEND = YES;
				ENABLE_TESTABILITY = YES;
				ENABLE_USER_SCRIPT_SANDBOXING = YES;
				GCC_C_LANGUAGE_STANDARD = gnu17;
				GCC_DYNAMIC_NO_PIC = NO;
				GCC_NO_COMMON_BLOCKS = YES;
				GCC_OPTIMIZATION_LEVEL = 0;
				GCC_PREPROCESSOR_DEFINITIONS = (
					"DEBUG=1",
					"$(inherited)",
				);
				GCC_WARN_64_TO_32_BIT_CONVERSION = YES;
				GCC_WARN_ABOUT_RETURN_TYPE = YES_ERROR;
				GCC_WARN_UNDECLARED_SELECTOR = YES;
				GCC_WARN_UNINITIALIZED_AUTOS = YES_AGGRESSIVE;
				GCC_WARN_UNUSED_FUNCTION = YES;
				GCC_WARN_UNUSED_VARIABLE = YES;
				IPHONEOS_DEPLOYMENT_TARGET = 18.1;
				LOCALIZATION_PREFERS_STRING_CATALOGS = YES;
				MTL_ENABLE_DEBUG_INFO = INCLUDE_SOURCE;
				MTL_FAST_MATH = YES;
				ONLY_ACTIVE_ARCH = YES;
				SDKROOT = iphoneos;
				SWIFT_ACTIVE_COMPILATION_CONDITIONS = "DEBUG $(inherited)";
				SWIFT_OPTIMIZATION_LEVEL = "-Onone";
			};
			name = Debug;
		};
		D642570C2D1CEDB1005236DE /* Release */ = {
			isa = XCBuildConfiguration;
			buildSettings = {
				ALWAYS_SEARCH_USER_PATHS = NO;
				ASSETCATALOG_COMPILER_GENERATE_SWIFT_ASSET_SYMBOL_EXTENSIONS = YES;
				CLANG_ANALYZER_NONNULL = YES;
				CLANG_ANALYZER_NUMBER_OBJECT_CONVERSION = YES_AGGRESSIVE;
				CLANG_CXX_LANGUAGE_STANDARD = "gnu++20";
				CLANG_ENABLE_MODULES = YES;
				CLANG_ENABLE_OBJC_ARC = YES;
				CLANG_ENABLE_OBJC_WEAK = YES;
				CLANG_WARN_BLOCK_CAPTURE_AUTORELEASING = YES;
				CLANG_WARN_BOOL_CONVERSION = YES;
				CLANG_WARN_COMMA = YES;
				CLANG_WARN_CONSTANT_CONVERSION = YES;
				CLANG_WARN_DEPRECATED_OBJC_IMPLEMENTATIONS = YES;
				CLANG_WARN_DIRECT_OBJC_ISA_USAGE = YES_ERROR;
				CLANG_WARN_DOCUMENTATION_COMMENTS = YES;
				CLANG_WARN_EMPTY_BODY = YES;
				CLANG_WARN_ENUM_CONVERSION = YES;
				CLANG_WARN_INFINITE_RECURSION = YES;
				CLANG_WARN_INT_CONVERSION = YES;
				CLANG_WARN_NON_LITERAL_NULL_CONVERSION = YES;
				CLANG_WARN_OBJC_IMPLICIT_RETAIN_SELF = YES;
				CLANG_WARN_OBJC_LITERAL_CONVERSION = YES;
				CLANG_WARN_OBJC_ROOT_CLASS = YES_ERROR;
				CLANG_WARN_QUOTED_INCLUDE_IN_FRAMEWORK_HEADER = YES;
				CLANG_WARN_RANGE_LOOP_ANALYSIS = YES;
				CLANG_WARN_STRICT_PROTOTYPES = YES;
				CLANG_WARN_SUSPICIOUS_MOVE = YES;
				CLANG_WARN_UNGUARDED_AVAILABILITY = YES_AGGRESSIVE;
				CLANG_WARN_UNREACHABLE_CODE = YES;
				CLANG_WARN__DUPLICATE_METHOD_MATCH = YES;
				COPY_PHASE_STRIP = NO;
				DEBUG_INFORMATION_FORMAT = "dwarf-with-dsym";
				ENABLE_NS_ASSERTIONS = NO;
				ENABLE_STRICT_OBJC_MSGSEND = YES;
				ENABLE_USER_SCRIPT_SANDBOXING = YES;
				GCC_C_LANGUAGE_STANDARD = gnu17;
				GCC_NO_COMMON_BLOCKS = YES;
				GCC_WARN_64_TO_32_BIT_CONVERSION = YES;
				GCC_WARN_ABOUT_RETURN_TYPE = YES_ERROR;
				GCC_WARN_UNDECLARED_SELECTOR = YES;
				GCC_WARN_UNINITIALIZED_AUTOS = YES_AGGRESSIVE;
				GCC_WARN_UNUSED_FUNCTION = YES;
				GCC_WARN_UNUSED_VARIABLE = YES;
				IPHONEOS_DEPLOYMENT_TARGET = 18.1;
				LOCALIZATION_PREFERS_STRING_CATALOGS = YES;
				MTL_ENABLE_DEBUG_INFO = NO;
				MTL_FAST_MATH = YES;
				SDKROOT = iphoneos;
				SWIFT_COMPILATION_MODE = wholemodule;
				VALIDATE_PRODUCT = YES;
			};
			name = Release;
		};
		D642570E2D1CEDB1005236DE /* Debug */ = {
			isa = XCBuildConfiguration;
			buildSettings = {
				ASSETCATALOG_COMPILER_APPICON_NAME = AppIcon;
				ASSETCATALOG_COMPILER_GLOBAL_ACCENT_COLOR_NAME = AccentColor;
				CODE_SIGN_STYLE = Automatic;
				CURRENT_PROJECT_VERSION = 2;
				DEVELOPMENT_ASSET_PATHS = "\"Nurse Calendar/Preview Content\"";
				DEVELOPMENT_TEAM = XB876TT3Z8;
				ENABLE_PREVIEWS = YES;
				GENERATE_INFOPLIST_FILE = YES;
				INFOPLIST_KEY_CFBundleDisplayName = "小护助手";
				INFOPLIST_KEY_LSApplicationCategoryType = "public.app-category.utilities";
				INFOPLIST_KEY_UIApplicationSceneManifest_Generation = YES;
				INFOPLIST_KEY_UIApplicationSupportsIndirectInputEvents = YES;
				INFOPLIST_KEY_UILaunchScreen_Generation = YES;
				INFOPLIST_KEY_UISupportedInterfaceOrientations_iPad = "UIInterfaceOrientationPortrait UIInterfaceOrientationPortraitUpsideDown UIInterfaceOrientationLandscapeLeft UIInterfaceOrientationLandscapeRight";
				INFOPLIST_KEY_UISupportedInterfaceOrientations_iPhone = "UIInterfaceOrientationPortrait UIInterfaceOrientationLandscapeLeft UIInterfaceOrientationLandscapeRight";
				IPHONEOS_DEPLOYMENT_TARGET = 17.0;
				LD_RUNPATH_SEARCH_PATHS = (
					"$(inherited)",
					"@executable_path/Frameworks",
				);
				MARKETING_VERSION = 1.2;
				PRODUCT_BUNDLE_IDENTIFIER = cc.oofo.nc;
				PRODUCT_NAME = "$(TARGET_NAME)";
				SWIFT_EMIT_LOC_STRINGS = YES;
				SWIFT_VERSION = 5.0;
				TARGETED_DEVICE_FAMILY = 1;
			};
			name = Debug;
		};
		D642570F2D1CEDB1005236DE /* Release */ = {
			isa = XCBuildConfiguration;
			buildSettings = {
				ASSETCATALOG_COMPILER_APPICON_NAME = AppIcon;
				ASSETCATALOG_COMPILER_GLOBAL_ACCENT_COLOR_NAME = AccentColor;
				CODE_SIGN_STYLE = Automatic;
				CURRENT_PROJECT_VERSION = 2;
				DEVELOPMENT_ASSET_PATHS = "\"Nurse Calendar/Preview Content\"";
				DEVELOPMENT_TEAM = XB876TT3Z8;
				ENABLE_PREVIEWS = YES;
				GENERATE_INFOPLIST_FILE = YES;
				INFOPLIST_KEY_CFBundleDisplayName = "小护助手";
				INFOPLIST_KEY_LSApplicationCategoryType = "public.app-category.utilities";
				INFOPLIST_KEY_UIApplicationSceneManifest_Generation = YES;
				INFOPLIST_KEY_UIApplicationSupportsIndirectInputEvents = YES;
				INFOPLIST_KEY_UILaunchScreen_Generation = YES;
				INFOPLIST_KEY_UISupportedInterfaceOrientations_iPad = "UIInterfaceOrientationPortrait UIInterfaceOrientationPortraitUpsideDown UIInterfaceOrientationLandscapeLeft UIInterfaceOrientationLandscapeRight";
				INFOPLIST_KEY_UISupportedInterfaceOrientations_iPhone = "UIInterfaceOrientationPortrait UIInterfaceOrientationLandscapeLeft UIInterfaceOrientationLandscapeRight";
				IPHONEOS_DEPLOYMENT_TARGET = 17.0;
				LD_RUNPATH_SEARCH_PATHS = (
					"$(inherited)",
					"@executable_path/Frameworks",
				);
				MARKETING_VERSION = 1.2;
				PRODUCT_BUNDLE_IDENTIFIER = cc.oofo.nc;
				PRODUCT_NAME = "$(TARGET_NAME)";
				SWIFT_EMIT_LOC_STRINGS = YES;
				SWIFT_VERSION = 5.0;
				TARGETED_DEVICE_FAMILY = 1;
			};
			name = Release;
		};
		D64257112D1CEDB1005236DE /* Debug */ = {
			isa = XCBuildConfiguration;
			buildSettings = {
				BUNDLE_LOADER = "$(TEST_HOST)";
				CODE_SIGN_STYLE = Automatic;
				CURRENT_PROJECT_VERSION = 1;
				GENERATE_INFOPLIST_FILE = YES;
				IPHONEOS_DEPLOYMENT_TARGET = 18.3;
				MARKETING_VERSION = 1.0;
				PRODUCT_BUNDLE_IDENTIFIER = "cc.oofo.Nurse-CalendarTests";
				PRODUCT_NAME = "$(TARGET_NAME)";
				SWIFT_EMIT_LOC_STRINGS = NO;
				SWIFT_VERSION = 5.0;
				TARGETED_DEVICE_FAMILY = 1;
				TEST_HOST = "$(BUILT_PRODUCTS_DIR)/Nurse Calendar.app/$(BUNDLE_EXECUTABLE_FOLDER_PATH)/Nurse Calendar";
			};
			name = Debug;
		};
		D64257122D1CEDB1005236DE /* Release */ = {
			isa = XCBuildConfiguration;
			buildSettings = {
				BUNDLE_LOADER = "$(TEST_HOST)";
				CODE_SIGN_STYLE = Automatic;
				CURRENT_PROJECT_VERSION = 1;
				GENERATE_INFOPLIST_FILE = YES;
				IPHONEOS_DEPLOYMENT_TARGET = 18.3;
				MARKETING_VERSION = 1.0;
				PRODUCT_BUNDLE_IDENTIFIER = "cc.oofo.Nurse-CalendarTests";
				PRODUCT_NAME = "$(TARGET_NAME)";
				SWIFT_EMIT_LOC_STRINGS = NO;
				SWIFT_VERSION = 5.0;
				TARGETED_DEVICE_FAMILY = 1;
				TEST_HOST = "$(BUILT_PRODUCTS_DIR)/Nurse Calendar.app/$(BUNDLE_EXECUTABLE_FOLDER_PATH)/Nurse Calendar";
			};
			name = Release;
		};
		D64257142D1CEDB1005236DE /* Debug */ = {
			isa = XCBuildConfiguration;
			buildSettings = {
				CODE_SIGN_STYLE = Automatic;
				CURRENT_PROJECT_VERSION = 1;
				GENERATE_INFOPLIST_FILE = YES;
				MARKETING_VERSION = 1.0;
				PRODUCT_BUNDLE_IDENTIFIER = "cc.oofo.Nurse-CalendarUITests";
				PRODUCT_NAME = "$(TARGET_NAME)";
				SWIFT_EMIT_LOC_STRINGS = NO;
				SWIFT_VERSION = 5.0;
				TARGETED_DEVICE_FAMILY = "1,2";
				TEST_TARGET_NAME = "Nurse Calendar";
			};
			name = Debug;
		};
		D64257152D1CEDB1005236DE /* Release */ = {
			isa = XCBuildConfiguration;
			buildSettings = {
				CODE_SIGN_STYLE = Automatic;
				CURRENT_PROJECT_VERSION = 1;
				GENERATE_INFOPLIST_FILE = YES;
				MARKETING_VERSION = 1.0;
				PRODUCT_BUNDLE_IDENTIFIER = "cc.oofo.Nurse-CalendarUITests";
				PRODUCT_NAME = "$(TARGET_NAME)";
				SWIFT_EMIT_LOC_STRINGS = NO;
				SWIFT_VERSION = 5.0;
				TARGETED_DEVICE_FAMILY = "1,2";
				TEST_TARGET_NAME = "Nurse Calendar";
			};
			name = Release;
		};
/* End XCBuildConfiguration section */

/* Begin XCConfigurationList section */
		D64256E22D1CEDB0005236DE /* Build configuration list for PBXProject "Nurse Calendar" */ = {
			isa = XCConfigurationList;
			buildConfigurations = (
				D642570B2D1CEDB1005236DE /* Debug */,
				D642570C2D1CEDB1005236DE /* Release */,
			);
			defaultConfigurationIsVisible = 0;
			defaultConfigurationName = Release;
		};
		D642570D2D1CEDB1005236DE /* Build configuration list for PBXNativeTarget "Nurse Calendar" */ = {
			isa = XCConfigurationList;
			buildConfigurations = (
				D642570E2D1CEDB1005236DE /* Debug */,
				D642570F2D1CEDB1005236DE /* Release */,
			);
			defaultConfigurationIsVisible = 0;
			defaultConfigurationName = Release;
		};
		D64257102D1CEDB1005236DE /* Build configuration list for PBXNativeTarget "Nurse CalendarTests" */ = {
			isa = XCConfigurationList;
			buildConfigurations = (
				D64257112D1CEDB1005236DE /* Debug */,
				D64257122D1CEDB1005236DE /* Release */,
			);
			defaultConfigurationIsVisible = 0;
			defaultConfigurationName = Release;
		};
		D64257132D1CEDB1005236DE /* Build configuration list for PBXNativeTarget "Nurse CalendarUITests" */ = {
			isa = XCConfigurationList;
			buildConfigurations = (
				D64257142D1CEDB1005236DE /* Debug */,
				D64257152D1CEDB1005236DE /* Release */,
			);
			defaultConfigurationIsVisible = 0;
			defaultConfigurationName = Release;
		};
/* End XCConfigurationList section */
	};
	rootObject = D64256DF2D1CEDB0005236DE /* Project object */;
}
